
Microsoft Visual Studio Solution File, Format Version 12.00
Project("{77A0F032-D4EE-4EF2-9C2C-273BEBDEB3B1}") = "DiscordUwuBot", "Main\Main.csproj", "{0CB50A95-2431-45BB-A25F-FB2E7F6F5B67}"
EndProject
Project("{77A0F032-D4EE-4EF2-9C2C-273BEBDEB3B1}") = "UwU", "UwU\UwU.csproj", "{89116018-4F79-4743-B97D-2D05DF01F29E}"
EndProject
Global
	GlobalSection(SolutionConfigurationPlatforms) = preSolution
		Debug|Any CPU = Debug|Any CPU
		Release|Any CPU = Release|Any CPU
	EndGlobalSection
	GlobalSection(ProjectConfigurationPlatforms) = postSolution
		{0CB50A95-2431-45BB-A25F-FB2E7F6F5B67}.Debug|Any CPU.ActiveCfg = Debug|Any CPU
		{0CB50A95-2431-45BB-A25F-FB2E7F6F5B67}.Debug|Any CPU.Build.0 = Debug|Any CPU
		{0CB50A95-2431-45BB-A25F-FB2E7F6F5B67}.Release|Any CPU.ActiveCfg = Release|Any CPU
		{0CB50A95-2431-45BB-A25F-FB2E7F6F5B67}.Release|Any CPU.Build.0 = Release|Any CPU
		{89116018-4F79-4743-B97D-2D05DF01F29E}.Debug|Any CPU.ActiveCfg = Debug|Any CPU
		{89116018-4F79-4743-B97D-2D05DF01F29E}.Debug|Any CPU.Build.0 = Debug|Any CPU
		{89116018-4F79-4743-B97D-2D05DF01F29E}.Release|Any CPU.ActiveCfg = Release|Any CPU
		{89116018-4F79-4743-B97D-2D05DF01F29E}.Release|Any CPU.Build.0 = Release|Any CPU
	EndGlobalSection
EndGlobal
